
Microsoft Visual Studio Solution File, Format Version 12.00
# Visual Studio Version 17
VisualStudioVersion = 17.3.32929.385
MinimumVisualStudioVersion = 10.0.40219.1
Project("{9A19103F-16F7-4668-BE54-9A1E7A4F7556}") = "Day01", "Day01\Day01.csproj", "{5D11060D-72BD-46DA-91FC-125EEFDC2961}"
EndProject
Project("{9A19103F-16F7-4668-BE54-9A1E7A4F7556}") = "Day02", "Day02\Day02.csproj", "{AE11FE18-497A-4BC1-8819-5ADB7A9068D8}"
EndProject
Project("{9A19103F-16F7-4668-BE54-9A1E7A4F7556}") = "Day03", "Day03\Day03.csproj", "{8E51F23C-EA2B-464B-AE6B-E8BD0032EDD8}"
EndProject
Project("{9A19103F-16F7-4668-BE54-9A1E7A4F7556}") = "Day04", "Day04\Day04.csproj", "{4CF787D9-4E8C-4035-BDD2-618207E14B2B}"
EndProject
Project("{2150E333-8FDC-42A3-9474-1A3956D46DE8}") = "2 Stars", "2 Stars", "{BE955676-464B-4627-872A-416846B5031F}"
EndProject
Project("{2150E333-8FDC-42A3-9474-1A3956D46DE8}") = "1 Star", "1 Star", "{35C323A0-C9BA-4B08-9A61-5987B7A19841}"
EndProject
Project("{2150E333-8FDC-42A3-9474-1A3956D46DE8}") = "Upcoming", "Upcoming", "{5164B791-31D7-447D-A4C0-F616A4E8732F}"
EndProject
Project("{9A19103F-16F7-4668-BE54-9A1E7A4F7556}") = "Day05", "Day05\Day05.csproj", "{E3D57AF7-F55E-4C21-A111-14618F6B2097}"
EndProject
Project("{9A19103F-16F7-4668-BE54-9A1E7A4F7556}") = "Day06", "Day06\Day06.csproj", "{D663EB02-FFE3-4770-A9DE-46330B26EBAE}"
EndProject
Project("{9A19103F-16F7-4668-BE54-9A1E7A4F7556}") = "Day07", "Day07\Day07.csproj", "{568DC401-A64E-4A46-BB90-9CFA4FAF6235}"
EndProject
Project("{9A19103F-16F7-4668-BE54-9A1E7A4F7556}") = "Day08", "Day08\Day08.csproj", "{07B9553C-2F8C-434C-9676-F3D22156F68F}"
EndProject
Project("{9A19103F-16F7-4668-BE54-9A1E7A4F7556}") = "Day09", "Day09\Day09.csproj", "{257329EE-CF8E-466B-AD0F-B757C344ECB4}"
EndProject
Project("{9A19103F-16F7-4668-BE54-9A1E7A4F7556}") = "Day10", "Day10\Day10.csproj", "{44EBC787-757F-468F-9A2D-E57BD15DA9BC}"
EndProject
Project("{9A19103F-16F7-4668-BE54-9A1E7A4F7556}") = "Day11", "Day11\Day11.csproj", "{C0C99A53-EB76-409C-A841-6A480DF7BF9A}"
EndProject
Project("{9A19103F-16F7-4668-BE54-9A1E7A4F7556}") = "Day12", "Day12\Day12.csproj", "{C9A05763-6D22-4D87-9DF8-9486798B4D18}"
EndProject
Project("{9A19103F-16F7-4668-BE54-9A1E7A4F7556}") = "Day13", "Day13\Day13.csproj", "{AD8D7A60-8B07-41FF-8B54-730048BC3642}"
EndProject
Project("{9A19103F-16F7-4668-BE54-9A1E7A4F7556}") = "Day14", "Day14\Day14.csproj", "{96B17295-6A8E-4434-90AC-BF2A695ED2EA}"
EndProject
Project("{9A19103F-16F7-4668-BE54-9A1E7A4F7556}") = "Day15", "Day15\Day15.csproj", "{84025840-57A5-46CC-978B-3991A79D186B}"
EndProject
Project("{9A19103F-16F7-4668-BE54-9A1E7A4F7556}") = "Day16", "Day16\Day16.csproj", "{ACF58653-9CA8-444D-BEC7-A31421C5EDF5}"
EndProject
Project("{9A19103F-16F7-4668-BE54-9A1E7A4F7556}") = "Day17", "Day17\Day17.csproj", "{1A0C1E43-CF43-4DE6-8038-8BB94910A575}"
EndProject
Project("{9A19103F-16F7-4668-BE54-9A1E7A4F7556}") = "Day18", "Day18\Day18.csproj", "{D2233BB7-D817-47AB-8D62-8315CBC78C94}"
EndProject
Project("{9A19103F-16F7-4668-BE54-9A1E7A4F7556}") = "Day19", "Day19\Day19.csproj", "{4F1CCB4E-6827-4D31-AB39-AEEA44E29F8A}"
EndProject
Project("{9A19103F-16F7-4668-BE54-9A1E7A4F7556}") = "Day20", "Day20\Day20.csproj", "{C686EE5C-E734-4FC9-B1F5-628091F0735B}"
EndProject
Project("{9A19103F-16F7-4668-BE54-9A1E7A4F7556}") = "Day21", "Day21\Day21.csproj", "{C4D108E3-5ED0-4CF9-8909-113E55B81935}"
EndProject
Project("{9A19103F-16F7-4668-BE54-9A1E7A4F7556}") = "Day22", "Day22\Day22.csproj", "{60A24165-6DA5-46CB-A6BB-0C3BBBB8CD43}"
EndProject
Project("{9A19103F-16F7-4668-BE54-9A1E7A4F7556}") = "Day23", "Day23\Day23.csproj", "{94F0B0A3-5825-4FE0-B9B8-AE3FE41117BB}"
EndProject
Project("{9A19103F-16F7-4668-BE54-9A1E7A4F7556}") = "Day24", "Day24\Day24.csproj", "{F8817115-B03F-4522-A02E-3866B500610E}"
EndProject
Project("{9A19103F-16F7-4668-BE54-9A1E7A4F7556}") = "Day25", "Day25\Day25.csproj", "{8B2E8133-F434-41A4-9044-EFB6DDC0923C}"
EndProject
Global
	GlobalSection(SolutionConfigurationPlatforms) = preSolution
		Debug|Any CPU = Debug|Any CPU
		Release|Any CPU = Release|Any CPU
	EndGlobalSection
	GlobalSection(ProjectConfigurationPlatforms) = postSolution
		{5D11060D-72BD-46DA-91FC-125EEFDC2961}.Debug|Any CPU.ActiveCfg = Debug|Any CPU
		{5D11060D-72BD-46DA-91FC-125EEFDC2961}.Debug|Any CPU.Build.0 = Debug|Any CPU
		{5D11060D-72BD-46DA-91FC-125EEFDC2961}.Release|Any CPU.ActiveCfg = Release|Any CPU
		{5D11060D-72BD-46DA-91FC-125EEFDC2961}.Release|Any CPU.Build.0 = Release|Any CPU
		{AE11FE18-497A-4BC1-8819-5ADB7A9068D8}.Debug|Any CPU.ActiveCfg = Debug|Any CPU
		{AE11FE18-497A-4BC1-8819-5ADB7A9068D8}.Debug|Any CPU.Build.0 = Debug|Any CPU
		{AE11FE18-497A-4BC1-8819-5ADB7A9068D8}.Release|Any CPU.ActiveCfg = Release|Any CPU
		{AE11FE18-497A-4BC1-8819-5ADB7A9068D8}.Release|Any CPU.Build.0 = Release|Any CPU
		{8E51F23C-EA2B-464B-AE6B-E8BD0032EDD8}.Debug|Any CPU.ActiveCfg = Debug|Any CPU
		{8E51F23C-EA2B-464B-AE6B-E8BD0032EDD8}.Debug|Any CPU.Build.0 = Debug|Any CPU
		{8E51F23C-EA2B-464B-AE6B-E8BD0032EDD8}.Release|Any CPU.ActiveCfg = Release|Any CPU
		{8E51F23C-EA2B-464B-AE6B-E8BD0032EDD8}.Release|Any CPU.Build.0 = Release|Any CPU
		{4CF787D9-4E8C-4035-BDD2-618207E14B2B}.Debug|Any CPU.ActiveCfg = Debug|Any CPU
		{4CF787D9-4E8C-4035-BDD2-618207E14B2B}.Debug|Any CPU.Build.0 = Debug|Any CPU
		{4CF787D9-4E8C-4035-BDD2-618207E14B2B}.Release|Any CPU.ActiveCfg = Release|Any CPU
		{4CF787D9-4E8C-4035-BDD2-618207E14B2B}.Release|Any CPU.Build.0 = Release|Any CPU
		{E3D57AF7-F55E-4C21-A111-14618F6B2097}.Debug|Any CPU.ActiveCfg = Debug|Any CPU
		{E3D57AF7-F55E-4C21-A111-14618F6B2097}.Debug|Any CPU.Build.0 = Debug|Any CPU
		{E3D57AF7-F55E-4C21-A111-14618F6B2097}.Release|Any CPU.ActiveCfg = Release|Any CPU
		{E3D57AF7-F55E-4C21-A111-14618F6B2097}.Release|Any CPU.Build.0 = Release|Any CPU
		{D663EB02-FFE3-4770-A9DE-46330B26EBAE}.Debug|Any CPU.ActiveCfg = Debug|Any CPU
		{D663EB02-FFE3-4770-A9DE-46330B26EBAE}.Debug|Any CPU.Build.0 = Debug|Any CPU
		{D663EB02-FFE3-4770-A9DE-46330B26EBAE}.Release|Any CPU.ActiveCfg = Release|Any CPU
		{D663EB02-FFE3-4770-A9DE-46330B26EBAE}.Release|Any CPU.Build.0 = Release|Any CPU
		{568DC401-A64E-4A46-BB90-9CFA4FAF6235}.Debug|Any CPU.ActiveCfg = Debug|Any CPU
		{568DC401-A64E-4A46-BB90-9CFA4FAF6235}.Debug|Any CPU.Build.0 = Debug|Any CPU
		{568DC401-A64E-4A46-BB90-9CFA4FAF6235}.Release|Any CPU.ActiveCfg = Release|Any CPU
		{568DC401-A64E-4A46-BB90-9CFA4FAF6235}.Release|Any CPU.Build.0 = Release|Any CPU
		{07B9553C-2F8C-434C-9676-F3D22156F68F}.Debug|Any CPU.ActiveCfg = Debug|Any CPU
		{07B9553C-2F8C-434C-9676-F3D22156F68F}.Debug|Any CPU.Build.0 = Debug|Any CPU
		{07B9553C-2F8C-434C-9676-F3D22156F68F}.Release|Any CPU.ActiveCfg = Release|Any CPU
		{07B9553C-2F8C-434C-9676-F3D22156F68F}.Release|Any CPU.Build.0 = Release|Any CPU
		{257329EE-CF8E-466B-AD0F-B757C344ECB4}.Debug|Any CPU.ActiveCfg = Debug|Any CPU
		{257329EE-CF8E-466B-AD0F-B757C344ECB4}.Debug|Any CPU.Build.0 = Debug|Any CPU
		{257329EE-CF8E-466B-AD0F-B757C344ECB4}.Release|Any CPU.ActiveCfg = Release|Any CPU
		{257329EE-CF8E-466B-AD0F-B757C344ECB4}.Release|Any CPU.Build.0 = Release|Any CPU
		{44EBC787-757F-468F-9A2D-E57BD15DA9BC}.Debug|Any CPU.ActiveCfg = Debug|Any CPU
		{44EBC787-757F-468F-9A2D-E57BD15DA9BC}.Debug|Any CPU.Build.0 = Debug|Any CPU
		{44EBC787-757F-468F-9A2D-E57BD15DA9BC}.Release|Any CPU.ActiveCfg = Release|Any CPU
		{44EBC787-757F-468F-9A2D-E57BD15DA9BC}.Release|Any CPU.Build.0 = Release|Any CPU
		{C0C99A53-EB76-409C-A841-6A480DF7BF9A}.Debug|Any CPU.ActiveCfg = Debug|Any CPU
		{C0C99A53-EB76-409C-A841-6A480DF7BF9A}.Debug|Any CPU.Build.0 = Debug|Any CPU
		{C0C99A53-EB76-409C-A841-6A480DF7BF9A}.Release|Any CPU.ActiveCfg = Release|Any CPU
		{C0C99A53-EB76-409C-A841-6A480DF7BF9A}.Release|Any CPU.Build.0 = Release|Any CPU
		{C9A05763-6D22-4D87-9DF8-9486798B4D18}.Debug|Any CPU.ActiveCfg = Debug|Any CPU
		{C9A05763-6D22-4D87-9DF8-9486798B4D18}.Debug|Any CPU.Build.0 = Debug|Any CPU
		{C9A05763-6D22-4D87-9DF8-9486798B4D18}.Release|Any CPU.ActiveCfg = Release|Any CPU
		{C9A05763-6D22-4D87-9DF8-9486798B4D18}.Release|Any CPU.Build.0 = Release|Any CPU
		{AD8D7A60-8B07-41FF-8B54-730048BC3642}.Debug|Any CPU.ActiveCfg = Debug|Any CPU
		{AD8D7A60-8B07-41FF-8B54-730048BC3642}.Debug|Any CPU.Build.0 = Debug|Any CPU
		{AD8D7A60-8B07-41FF-8B54-730048BC3642}.Release|Any CPU.ActiveCfg = Release|Any CPU
		{AD8D7A60-8B07-41FF-8B54-730048BC3642}.Release|Any CPU.Build.0 = Release|Any CPU
		{96B17295-6A8E-4434-90AC-BF2A695ED2EA}.Debug|Any CPU.ActiveCfg = Debug|Any CPU
		{96B17295-6A8E-4434-90AC-BF2A695ED2EA}.Debug|Any CPU.Build.0 = Debug|Any CPU
		{96B17295-6A8E-4434-90AC-BF2A695ED2EA}.Release|Any CPU.ActiveCfg = Release|Any CPU
		{96B17295-6A8E-4434-90AC-BF2A695ED2EA}.Release|Any CPU.Build.0 = Release|Any CPU
		{84025840-57A5-46CC-978B-3991A79D186B}.Debug|Any CPU.ActiveCfg = Debug|Any CPU
		{84025840-57A5-46CC-978B-3991A79D186B}.Debug|Any CPU.Build.0 = Debug|Any CPU
		{84025840-57A5-46CC-978B-3991A79D186B}.Release|Any CPU.ActiveCfg = Release|Any CPU
		{84025840-57A5-46CC-978B-3991A79D186B}.Release|Any CPU.Build.0 = Release|Any CPU
		{ACF58653-9CA8-444D-BEC7-A31421C5EDF5}.Debug|Any CPU.ActiveCfg = Debug|Any CPU
		{ACF58653-9CA8-444D-BEC7-A31421C5EDF5}.Debug|Any CPU.Build.0 = Debug|Any CPU
		{ACF58653-9CA8-444D-BEC7-A31421C5EDF5}.Release|Any CPU.ActiveCfg = Release|Any CPU
		{ACF58653-9CA8-444D-BEC7-A31421C5EDF5}.Release|Any CPU.Build.0 = Release|Any CPU
		{1A0C1E43-CF43-4DE6-8038-8BB94910A575}.Debug|Any CPU.ActiveCfg = Debug|Any CPU
		{1A0C1E43-CF43-4DE6-8038-8BB94910A575}.Debug|Any CPU.Build.0 = Debug|Any CPU
		{1A0C1E43-CF43-4DE6-8038-8BB94910A575}.Release|Any CPU.ActiveCfg = Release|Any CPU
		{1A0C1E43-CF43-4DE6-8038-8BB94910A575}.Release|Any CPU.Build.0 = Release|Any CPU
		{D2233BB7-D817-47AB-8D62-8315CBC78C94}.Debug|Any CPU.ActiveCfg = Debug|Any CPU
		{D2233BB7-D817-47AB-8D62-8315CBC78C94}.Debug|Any CPU.Build.0 = Debug|Any CPU
		{D2233BB7-D817-47AB-8D62-8315CBC78C94}.Release|Any CPU.ActiveCfg = Release|Any CPU
		{D2233BB7-D817-47AB-8D62-8315CBC78C94}.Release|Any CPU.Build.0 = Release|Any CPU
		{4F1CCB4E-6827-4D31-AB39-AEEA44E29F8A}.Debug|Any CPU.ActiveCfg = Debug|Any CPU
		{4F1CCB4E-6827-4D31-AB39-AEEA44E29F8A}.Debug|Any CPU.Build.0 = Debug|Any CPU
		{4F1CCB4E-6827-4D31-AB39-AEEA44E29F8A}.Release|Any CPU.ActiveCfg = Release|Any CPU
		{4F1CCB4E-6827-4D31-AB39-AEEA44E29F8A}.Release|Any CPU.Build.0 = Release|Any CPU
		{C686EE5C-E734-4FC9-B1F5-628091F0735B}.Debug|Any CPU.ActiveCfg = Debug|Any CPU
		{C686EE5C-E734-4FC9-B1F5-628091F0735B}.Debug|Any CPU.Build.0 = Debug|Any CPU
		{C686EE5C-E734-4FC9-B1F5-628091F0735B}.Release|Any CPU.ActiveCfg = Release|Any CPU
		{C686EE5C-E734-4FC9-B1F5-628091F0735B}.Release|Any CPU.Build.0 = Release|Any CPU
		{C4D108E3-5ED0-4CF9-8909-113E55B81935}.Debug|Any CPU.ActiveCfg = Debug|Any CPU
		{C4D108E3-5ED0-4CF9-8909-113E55B81935}.Debug|Any CPU.Build.0 = Debug|Any CPU
		{C4D108E3-5ED0-4CF9-8909-113E55B81935}.Release|Any CPU.ActiveCfg = Release|Any CPU
		{C4D108E3-5ED0-4CF9-8909-113E55B81935}.Release|Any CPU.Build.0 = Release|Any CPU
		{60A24165-6DA5-46CB-A6BB-0C3BBBB8CD43}.Debug|Any CPU.ActiveCfg = Debug|Any CPU
		{60A24165-6DA5-46CB-A6BB-0C3BBBB8CD43}.Debug|Any CPU.Build.0 = Debug|Any CPU
		{60A24165-6DA5-46CB-A6BB-0C3BBBB8CD43}.Release|Any CPU.ActiveCfg = Release|Any CPU
		{60A24165-6DA5-46CB-A6BB-0C3BBBB8CD43}.Release|Any CPU.Build.0 = Release|Any CPU
		{94F0B0A3-5825-4FE0-B9B8-AE3FE41117BB}.Debug|Any CPU.ActiveCfg = Debug|Any CPU
		{94F0B0A3-5825-4FE0-B9B8-AE3FE41117BB}.Debug|Any CPU.Build.0 = Debug|Any CPU
		{94F0B0A3-5825-4FE0-B9B8-AE3FE41117BB}.Release|Any CPU.ActiveCfg = Release|Any CPU
		{94F0B0A3-5825-4FE0-B9B8-AE3FE41117BB}.Release|Any CPU.Build.0 = Release|Any CPU
		{F8817115-B03F-4522-A02E-3866B500610E}.Debug|Any CPU.ActiveCfg = Debug|Any CPU
		{F8817115-B03F-4522-A02E-3866B500610E}.Debug|Any CPU.Build.0 = Debug|Any CPU
		{F8817115-B03F-4522-A02E-3866B500610E}.Release|Any CPU.ActiveCfg = Release|Any CPU
		{F8817115-B03F-4522-A02E-3866B500610E}.Release|Any CPU.Build.0 = Release|Any CPU
		{8B2E8133-F434-41A4-9044-EFB6DDC0923C}.Debug|Any CPU.ActiveCfg = Debug|Any CPU
		{8B2E8133-F434-41A4-9044-EFB6DDC0923C}.Debug|Any CPU.Build.0 = Debug|Any CPU
		{8B2E8133-F434-41A4-9044-EFB6DDC0923C}.Release|Any CPU.ActiveCfg = Release|Any CPU
		{8B2E8133-F434-41A4-9044-EFB6DDC0923C}.Release|Any CPU.Build.0 = Release|Any CPU
	EndGlobalSection
	GlobalSection(SolutionProperties) = preSolution
		HideSolutionNode = FALSE
	EndGlobalSection
	GlobalSection(NestedProjects) = preSolution
		{5D11060D-72BD-46DA-91FC-125EEFDC2961} = {BE955676-464B-4627-872A-416846B5031F}
		{AE11FE18-497A-4BC1-8819-5ADB7A9068D8} = {BE955676-464B-4627-872A-416846B5031F}
		{8E51F23C-EA2B-464B-AE6B-E8BD0032EDD8} = {BE955676-464B-4627-872A-416846B5031F}
		{4CF787D9-4E8C-4035-BDD2-618207E14B2B} = {BE955676-464B-4627-872A-416846B5031F}
		{D663EB02-FFE3-4770-A9DE-46330B26EBAE} = {5164B791-31D7-447D-A4C0-F616A4E8732F}
		{568DC401-A64E-4A46-BB90-9CFA4FAF6235} = {5164B791-31D7-447D-A4C0-F616A4E8732F}
		{07B9553C-2F8C-434C-9676-F3D22156F68F} = {5164B791-31D7-447D-A4C0-F616A4E8732F}
		{257329EE-CF8E-466B-AD0F-B757C344ECB4} = {5164B791-31D7-447D-A4C0-F616A4E8732F}
		{44EBC787-757F-468F-9A2D-E57BD15DA9BC} = {5164B791-31D7-447D-A4C0-F616A4E8732F}
		{C0C99A53-EB76-409C-A841-6A480DF7BF9A} = {5164B791-31D7-447D-A4C0-F616A4E8732F}
		{C9A05763-6D22-4D87-9DF8-9486798B4D18} = {5164B791-31D7-447D-A4C0-F616A4E8732F}
		{AD8D7A60-8B07-41FF-8B54-730048BC3642} = {5164B791-31D7-447D-A4C0-F616A4E8732F}
		{96B17295-6A8E-4434-90AC-BF2A695ED2EA} = {5164B791-31D7-447D-A4C0-F616A4E8732F}
		{84025840-57A5-46CC-978B-3991A79D186B} = {5164B791-31D7-447D-A4C0-F616A4E8732F}
		{ACF58653-9CA8-444D-BEC7-A31421C5EDF5} = {5164B791-31D7-447D-A4C0-F616A4E8732F}
		{1A0C1E43-CF43-4DE6-8038-8BB94910A575} = {5164B791-31D7-447D-A4C0-F616A4E8732F}
		{D2233BB7-D817-47AB-8D62-8315CBC78C94} = {5164B791-31D7-447D-A4C0-F616A4E8732F}
		{4F1CCB4E-6827-4D31-AB39-AEEA44E29F8A} = {5164B791-31D7-447D-A4C0-F616A4E8732F}
		{C686EE5C-E734-4FC9-B1F5-628091F0735B} = {5164B791-31D7-447D-A4C0-F616A4E8732F}
		{C4D108E3-5ED0-4CF9-8909-113E55B81935} = {5164B791-31D7-447D-A4C0-F616A4E8732F}
		{60A24165-6DA5-46CB-A6BB-0C3BBBB8CD43} = {5164B791-31D7-447D-A4C0-F616A4E8732F}
		{94F0B0A3-5825-4FE0-B9B8-AE3FE41117BB} = {5164B791-31D7-447D-A4C0-F616A4E8732F}
		{F8817115-B03F-4522-A02E-3866B500610E} = {5164B791-31D7-447D-A4C0-F616A4E8732F}
		{8B2E8133-F434-41A4-9044-EFB6DDC0923C} = {5164B791-31D7-447D-A4C0-F616A4E8732F}
	EndGlobalSection
	GlobalSection(ExtensibilityGlobals) = postSolution
		SolutionGuid = {C20B14B2-7458-473B-BB93-D9F6D68AB593}
	EndGlobalSection
EndGlobal
